
Microsoft Visual Studio Solution File, Format Version 12.00
# Visual Studio Version 16
VisualStudioVersion = 16.0.29926.136
MinimumVisualStudioVersion = 10.0.40219.1
Project("{9A19103F-16F7-4668-BE54-9A1E7A4F7556}") = "Platypus", "Platypus.csproj", "{8A86ECEE-4469-4AC8-A4D3-F12131313B4A}"
EndProject
Project("{9A19103F-16F7-4668-BE54-9A1E7A4F7556}") = "Platypus.Data", "..\Platypus.Data\Platypus.Data.csproj", "{7EEF494A-3E9E-410C-912C-6C58F5E60BC8}"
EndProject
Project("{9A19103F-16F7-4668-BE54-9A1E7A4F7556}") = "Platypus.Model", "..\Platypus.Model\Platypus.Model.csproj", "{8DEFD941-9E60-4394-B3DA-BBD54EC1D753}"
EndProject
Project("{9A19103F-16F7-4668-BE54-9A1E7A4F7556}") = "Platypus.Security", "..\Platypus.Security\Platypus.Security.csproj", "{A7CFADBC-3594-4FEE-B7D1-E29AB8C81705}"
EndProject
Project("{9A19103F-16F7-4668-BE54-9A1E7A4F7556}") = "Platypus.Service", "..\Platypus.Service\Platypus.Service.csproj", "{01E3177A-E66D-4493-8421-38DB462F320C}"
EndProject
Project("{9A19103F-16F7-4668-BE54-9A1E7A4F7556}") = "Platypus.Repository", "..\Platypus.Repository\Platypus.Repository.csproj", "{51A91FCB-AE79-45E8-8253-1B47741D2115}"
EndProject
Global
	GlobalSection(SolutionConfigurationPlatforms) = preSolution
		Debug|Any CPU = Debug|Any CPU
		Release|Any CPU = Release|Any CPU
	EndGlobalSection
	GlobalSection(ProjectConfigurationPlatforms) = postSolution
		{8A86ECEE-4469-4AC8-A4D3-F12131313B4A}.Debug|Any CPU.ActiveCfg = Debug|Any CPU
		{8A86ECEE-4469-4AC8-A4D3-F12131313B4A}.Debug|Any CPU.Build.0 = Debug|Any CPU
		{8A86ECEE-4469-4AC8-A4D3-F12131313B4A}.Release|Any CPU.ActiveCfg = Release|Any CPU
		{8A86ECEE-4469-4AC8-A4D3-F12131313B4A}.Release|Any CPU.Build.0 = Release|Any CPU
		{7EEF494A-3E9E-410C-912C-6C58F5E60BC8}.Debug|Any CPU.ActiveCfg = Debug|Any CPU
		{7EEF494A-3E9E-410C-912C-6C58F5E60BC8}.Debug|Any CPU.Build.0 = Debug|Any CPU
		{7EEF494A-3E9E-410C-912C-6C58F5E60BC8}.Release|Any CPU.ActiveCfg = Release|Any CPU
		{7EEF494A-3E9E-410C-912C-6C58F5E60BC8}.Release|Any CPU.Build.0 = Release|Any CPU
		{8DEFD941-9E60-4394-B3DA-BBD54EC1D753}.Debug|Any CPU.ActiveCfg = Debug|Any CPU
		{8DEFD941-9E60-4394-B3DA-BBD54EC1D753}.Debug|Any CPU.Build.0 = Debug|Any CPU
		{8DEFD941-9E60-4394-B3DA-BBD54EC1D753}.Release|Any CPU.ActiveCfg = Release|Any CPU
		{8DEFD941-9E60-4394-B3DA-BBD54EC1D753}.Release|Any CPU.Build.0 = Release|Any CPU
		{A7CFADBC-3594-4FEE-B7D1-E29AB8C81705}.Debug|Any CPU.ActiveCfg = Debug|Any CPU
		{A7CFADBC-3594-4FEE-B7D1-E29AB8C81705}.Debug|Any CPU.Build.0 = Debug|Any CPU
		{A7CFADBC-3594-4FEE-B7D1-E29AB8C81705}.Release|Any CPU.ActiveCfg = Release|Any CPU
		{A7CFADBC-3594-4FEE-B7D1-E29AB8C81705}.Release|Any CPU.Build.0 = Release|Any CPU
		{01E3177A-E66D-4493-8421-38DB462F320C}.Debug|Any CPU.ActiveCfg = Debug|Any CPU
		{01E3177A-E66D-4493-8421-38DB462F320C}.Debug|Any CPU.Build.0 = Debug|Any CPU
		{01E3177A-E66D-4493-8421-38DB462F320C}.Release|Any CPU.ActiveCfg = Release|Any CPU
		{01E3177A-E66D-4493-8421-38DB462F320C}.Release|Any CPU.Build.0 = Release|Any CPU
		{51A91FCB-AE79-45E8-8253-1B47741D2115}.Debug|Any CPU.ActiveCfg = Debug|Any CPU
		{51A91FCB-AE79-45E8-8253-1B47741D2115}.Debug|Any CPU.Build.0 = Debug|Any CPU
		{51A91FCB-AE79-45E8-8253-1B47741D2115}.Release|Any CPU.ActiveCfg = Release|Any CPU
		{51A91FCB-AE79-45E8-8253-1B47741D2115}.Release|Any CPU.Build.0 = Release|Any CPU
	EndGlobalSection
	GlobalSection(SolutionProperties) = preSolution
		HideSolutionNode = FALSE
	EndGlobalSection
	GlobalSection(ExtensibilityGlobals) = postSolution
		SolutionGuid = {98F73BCA-6C5A-4EC3-9442-00AFD70A1DB2}
	EndGlobalSection
EndGlobal
